{
  "name": "vidzora",
  "version": "0.1.0",
  "lockfileVersion": 3,
  "requires": true,
  "packages": {
    "": {
      "name": "vidzora",
      "version": "0.1.0",
      "dependencies": {
        "next": "16.3.6",
        "react": "19.2.6",
        "react-dom": "19.2.6",
        "gifenc": "^1.0.3"
      }
    },
    "node_modules/gifenc": {
      "version": "1.0.3",
      "resolved": "https://registry.npmjs.org/gifenc/-/gifenc-1.0.3.tgz",
      "integrity": "sha512-xdr6AdrfGBcfzncONUOlXMBuc5wJDtOueE3c5rdG0oNgtINLD+f2iFZltrBRZYzACRbKr+mSVU/x98zv2u3jmw=="
    }
  }
}
